
Microsoft Visual Studio Solution File, Format Version 12.00
# Visual Studio Version 16
VisualStudioVersion = 16.0.31624.102
MinimumVisualStudioVersion = 10.0.40219.1
Project("{FAE04EC0-301F-11D3-BF4B-00C04F79EFBC}") = "ShutdownTimer", "ShutdownTimer\ShutdownTimer.csproj", "{D96827CA-6EF1-47BB-A1AC-BE05A5333BC9}"
EndProject
Project("{54435603-DBB4-11D2-8724-00A0C9A8B90C}") = "ura", "ura\ura.vdproj", "{AAE3D701-62CA-4003-A34B-2F2AF47B2450}"
EndProject
Global
	GlobalSection(SolutionConfigurationPlatforms) = preSolution
		Debug|Any CPU = Debug|Any CPU
		Release|Any CPU = Release|Any CPU
	EndGlobalSection
	GlobalSection(ProjectConfigurationPlatforms) = postSolution
		{D96827CA-6EF1-47BB-A1AC-BE05A5333BC9}.Debug|Any CPU.ActiveCfg = Debug|Any CPU
		{D96827CA-6EF1-47BB-A1AC-BE05A5333BC9}.Debug|Any CPU.Build.0 = Debug|Any CPU
		{D96827CA-6EF1-47BB-A1AC-BE05A5333BC9}.Release|Any CPU.ActiveCfg = Release|Any CPU
		{D96827CA-6EF1-47BB-A1AC-BE05A5333BC9}.Release|Any CPU.Build.0 = Release|Any CPU
		{AAE3D701-62CA-4003-A34B-2F2AF47B2450}.Debug|Any CPU.ActiveCfg = Debug
		{AAE3D701-62CA-4003-A34B-2F2AF47B2450}.Release|Any CPU.ActiveCfg = Release
	EndGlobalSection
	GlobalSection(SolutionProperties) = preSolution
		HideSolutionNode = FALSE
	EndGlobalSection
	GlobalSection(ExtensibilityGlobals) = postSolution
		SolutionGuid = {53BF1031-538B-4A47-9517-71CD84B53269}
	EndGlobalSection
EndGlobal
